
Microsoft Visual Studio Solution File, Format Version 12.00
Project("{FAE04EC0-301F-11D3-BF4B-00C04F79EFBC}") = "p9_c00299690_c00299553", "p9_c00299690_c00299553\p9_c00299690_c00299553.csproj", "{97888313-28CC-40BB-ADC9-9F3CA7718214}"
EndProject
Global
	GlobalSection(SolutionConfigurationPlatforms) = preSolution
		Debug|Any CPU = Debug|Any CPU
		Release|Any CPU = Release|Any CPU
	EndGlobalSection
	GlobalSection(ProjectConfigurationPlatforms) = postSolution
		{97888313-28CC-40BB-ADC9-9F3CA7718214}.Debug|Any CPU.ActiveCfg = Debug|Any CPU
		{97888313-28CC-40BB-ADC9-9F3CA7718214}.Debug|Any CPU.Build.0 = Debug|Any CPU
		{97888313-28CC-40BB-ADC9-9F3CA7718214}.Release|Any CPU.ActiveCfg = Release|Any CPU
		{97888313-28CC-40BB-ADC9-9F3CA7718214}.Release|Any CPU.Build.0 = Release|Any CPU
	EndGlobalSection
EndGlobal
