
Microsoft Visual Studio Solution File, Format Version 12.00
Project("{FAE04EC0-301F-11D3-BF4B-00C04F79EFBC}") = "p8_c00299690_c00299553", "p8_c00299690_c00299553\p8_c00299690_c00299553.csproj", "{B8FE652F-DD9F-4358-BE39-2068C61BF312}"
EndProject
Global
	GlobalSection(SolutionConfigurationPlatforms) = preSolution
		Debug|Any CPU = Debug|Any CPU
		Release|Any CPU = Release|Any CPU
	EndGlobalSection
	GlobalSection(ProjectConfigurationPlatforms) = postSolution
		{B8FE652F-DD9F-4358-BE39-2068C61BF312}.Debug|Any CPU.ActiveCfg = Debug|Any CPU
		{B8FE652F-DD9F-4358-BE39-2068C61BF312}.Debug|Any CPU.Build.0 = Debug|Any CPU
		{B8FE652F-DD9F-4358-BE39-2068C61BF312}.Release|Any CPU.ActiveCfg = Release|Any CPU
		{B8FE652F-DD9F-4358-BE39-2068C61BF312}.Release|Any CPU.Build.0 = Release|Any CPU
	EndGlobalSection
EndGlobal
